
Microsoft Visual Studio Solution File, Format Version 12.00
# Visual Studio Version 17
VisualStudioVersion = 17.6.33829.357
MinimumVisualStudioVersion = 10.0.40219.1
Project("{FAE04EC0-301F-11D3-BF4B-00C04F79EFBC}") = "SolforbTest", "SolforbTest.csproj", "{6824D9CD-82CD-46BE-AC6C-500F71FE018D}"
EndProject
Global
	GlobalSection(SolutionConfigurationPlatforms) = preSolution
		Debug|Any CPU = Debug|Any CPU
		Release|Any CPU = Release|Any CPU
	EndGlobalSection
	GlobalSection(ProjectConfigurationPlatforms) = postSolution
		{6824D9CD-82CD-46BE-AC6C-500F71FE018D}.Debug|Any CPU.ActiveCfg = Debug|Any CPU
		{6824D9CD-82CD-46BE-AC6C-500F71FE018D}.Debug|Any CPU.Build.0 = Debug|Any CPU
		{6824D9CD-82CD-46BE-AC6C-500F71FE018D}.Release|Any CPU.ActiveCfg = Release|Any CPU
		{6824D9CD-82CD-46BE-AC6C-500F71FE018D}.Release|Any CPU.Build.0 = Release|Any CPU
	EndGlobalSection
	GlobalSection(SolutionProperties) = preSolution
		HideSolutionNode = FALSE
	EndGlobalSection
	GlobalSection(ExtensibilityGlobals) = postSolution
		SolutionGuid = {18DDC446-3007-435C-926F-E03606CFFF5C}
	EndGlobalSection
EndGlobal
